{
	"name": "@jmmaloney4/toolbox",
	"version": "0.3.3",
	"lockfileVersion": 3,
	"requires": true,
	"packages": {
		"": {
			"name": "@jmmaloney4/toolbox",
			"version": "0.3.3",
			"license": "MPL-2.0",
			"devDependencies": {
				"@types/node": "^22.19.3",
				"rimraf": "^6.1.0",
				"typescript": "^5.9.2"
			}
		},
		"node_modules/@isaacs/balanced-match": {
			"version": "4.0.1",
			"dev": true,
			"license": "MIT",
			"engines": {
				"node": "20 || >=22"
			}
		},
		"node_modules/@isaacs/brace-expansion": {
			"version": "5.0.0",
			"dev": true,
			"license": "MIT",
			"dependencies": {
				"@isaacs/balanced-match": "^4.0.1"
			},
			"engines": {
				"node": "20 || >=22"
			}
		},
		"node_modules/@types/node": {
			"version": "22.19.7",
			"dev": true,
			"license": "MIT",
			"dependencies": {
				"undici-types": "~6.21.0"
			}
		},
		"node_modules/glob": {
			"version": "13.0.0",
			"dev": true,
			"license": "BlueOak-1.0.0",
			"dependencies": {
				"minimatch": "^10.1.1",
				"minipass": "^7.1.2",
				"path-scurry": "^2.0.0"
			},
			"engines": {
				"node": "20 || >=22"
			},
			"funding": {
				"url": "https://github.com/sponsors/isaacs"
			}
		},
		"node_modules/lru-cache": {
			"version": "11.2.5",
			"dev": true,
			"license": "BlueOak-1.0.0",
			"engines": {
				"node": "20 || >=22"
			}
		},
		"node_modules/minimatch": {
			"version": "10.1.1",
			"dev": true,
			"license": "BlueOak-1.0.0",
			"dependencies": {
				"@isaacs/brace-expansion": "^5.0.0"
			},
			"engines": {
				"node": "20 || >=22"
			},
			"funding": {
				"url": "https://github.com/sponsors/isaacs"
			}
		},
		"node_modules/minipass": {
			"version": "7.1.2",
			"dev": true,
			"license": "ISC",
			"engines": {
				"node": ">=16 || 14 >=14.17"
			}
		},
		"node_modules/package-json-from-dist": {
			"version": "1.0.1",
			"dev": true,
			"license": "BlueOak-1.0.0"
		},
		"node_modules/path-scurry": {
			"version": "2.0.1",
			"dev": true,
			"license": "BlueOak-1.0.0",
			"dependencies": {
				"lru-cache": "^11.0.0",
				"minipass": "^7.1.2"
			},
			"engines": {
				"node": "20 || >=22"
			},
			"funding": {
				"url": "https://github.com/sponsors/isaacs"
			}
		},
		"node_modules/rimraf": {
			"version": "6.1.2",
			"dev": true,
			"license": "BlueOak-1.0.0",
			"dependencies": {
				"glob": "^13.0.0",
				"package-json-from-dist": "^1.0.1"
			},
			"bin": {
				"rimraf": "dist/esm/bin.mjs"
			},
			"engines": {
				"node": "20 || >=22"
			},
			"funding": {
				"url": "https://github.com/sponsors/isaacs"
			}
		},
		"node_modules/typescript": {
			"version": "5.9.3",
			"dev": true,
			"license": "Apache-2.0",
			"bin": {
				"tsc": "bin/tsc",
				"tsserver": "bin/tsserver"
			},
			"engines": {
				"node": ">=14.17"
			}
		},
		"node_modules/undici-types": {
			"version": "6.21.0",
			"dev": true,
			"license": "MIT"
		},
		"packages/sector7": {
			"name": "@jmmaloney4/sector7",
			"version": "0.5.1",
			"extraneous": true,
			"license": "MPL-2.0",
			"devDependencies": {
				"@pulumi/cloudflare": "^6.0.0",
				"@pulumi/gcp": "^9.3.0",
				"@pulumi/pulumi": "^3.205.0",
				"vitest": "^1.0.0"
			},
			"peerDependencies": {
				"@pulumi/cloudflare": "^5.0.0 || ^6.0.0",
				"@pulumi/gcp": "^9.0.0",
				"@pulumi/pulumi": "^3.0.0"
			}
		}
	}
}
